
Microsoft Visual Studio Solution File, Format Version 12.00
# Visual Studio Version 16
VisualStudioVersion = 16.0.32901.82
MinimumVisualStudioVersion = 10.0.40219.1
Project("{FAE04EC0-301F-11D3-BF4B-00C04F79EFBC}") = "octoTreeDev", "octoTreeDev\octoTreeDev.csproj", "{17856088-75E8-47DC-831B-3B509CE8BCA5}"
EndProject
Global
	GlobalSection(SolutionConfigurationPlatforms) = preSolution
		Debug|x64 = Debug|x64
	EndGlobalSection
	GlobalSection(ProjectConfigurationPlatforms) = postSolution
		{17856088-75E8-47DC-831B-3B509CE8BCA5}.Debug|x64.ActiveCfg = Debug|x64
		{17856088-75E8-47DC-831B-3B509CE8BCA5}.Debug|x64.Build.0 = Debug|x64
	EndGlobalSection
	GlobalSection(SolutionProperties) = preSolution
		HideSolutionNode = FALSE
	EndGlobalSection
	GlobalSection(ExtensibilityGlobals) = postSolution
		SolutionGuid = {4622DBF0-BC61-4ED0-94B0-CA97F327E5DD}
	EndGlobalSection
EndGlobal
