
Microsoft Visual Studio Solution File, Format Version 12.00
# Visual Studio Version 17
VisualStudioVersion = 17.6.33815.320
MinimumVisualStudioVersion = 10.0.40219.1
Project("{FAE04EC0-301F-11D3-BF4B-00C04F79EFBC}") = "Mdk2.stv_no_mat_v2", "Mdk2.stv_no_mat_v2.csproj", "{C8A17A72-010A-4993-936A-4A861EF397EA}"
EndProject
Global
	GlobalSection(SolutionConfigurationPlatforms) = preSolution
		Debug|x64 = Debug|x64
		Release|x64 = Release|x64
	EndGlobalSection
	GlobalSection(ProjectConfigurationPlatforms) = postSolution
		{C8A17A72-010A-4993-936A-4A861EF397EA}.Debug|x64.ActiveCfg = Debug|x64
		{C8A17A72-010A-4993-936A-4A861EF397EA}.Debug|x64.Build.0 = Debug|x64
		{C8A17A72-010A-4993-936A-4A861EF397EA}.Release|x64.ActiveCfg = Release|x64
		{C8A17A72-010A-4993-936A-4A861EF397EA}.Release|x64.Build.0 = Release|x64
	EndGlobalSection
	GlobalSection(SolutionProperties) = preSolution
		HideSolutionNode = FALSE
	EndGlobalSection
	GlobalSection(ExtensibilityGlobals) = postSolution
		SolutionGuid = {014A7E43-81FA-41D8-B123-20A7A5ABA615}
	EndGlobalSection
EndGlobal
