
Microsoft Visual Studio Solution File, Format Version 12.00
# Visual Studio Version 16
VisualStudioVersion = 16.0.32901.82
MinimumVisualStudioVersion = 10.0.40219.1
Project("{FAE04EC0-301F-11D3-BF4B-00C04F79EFBC}") = "RoverFrictionManager", "RoverFrictionManager\RoverFrictionManager.csproj", "{29B0D955-3D1F-4F68-B217-C4C33EAE5534}"
EndProject
Global
	GlobalSection(SolutionConfigurationPlatforms) = preSolution
		Debug|x64 = Debug|x64
	EndGlobalSection
	GlobalSection(ProjectConfigurationPlatforms) = postSolution
		{29B0D955-3D1F-4F68-B217-C4C33EAE5534}.Debug|x64.ActiveCfg = Debug|x64
		{29B0D955-3D1F-4F68-B217-C4C33EAE5534}.Debug|x64.Build.0 = Debug|x64
	EndGlobalSection
	GlobalSection(SolutionProperties) = preSolution
		HideSolutionNode = FALSE
	EndGlobalSection
	GlobalSection(ExtensibilityGlobals) = postSolution
		SolutionGuid = {723E31D3-1F74-456B-A91C-A984E28DF293}
	EndGlobalSection
EndGlobal
